
Microsoft Visual Studio Solution File, Format Version 12.00
# Visual Studio Version 17
VisualStudioVersion = 17.5.002.0
MinimumVisualStudioVersion = 10.0.40219.1
Project("{9A19103F-16F7-4668-BE54-9A1E7A4F7556}") = "scriptureMemorizer", "scriptureMemorizer.csproj", "{9A02535C-EA96-4252-8B14-2C524ACA8D38}"
EndProject
Global
	GlobalSection(SolutionConfigurationPlatforms) = preSolution
		Debug|Any CPU = Debug|Any CPU
		Release|Any CPU = Release|Any CPU
	EndGlobalSection
	GlobalSection(ProjectConfigurationPlatforms) = postSolution
		{9A02535C-EA96-4252-8B14-2C524ACA8D38}.Debug|Any CPU.ActiveCfg = Debug|Any CPU
		{9A02535C-EA96-4252-8B14-2C524ACA8D38}.Debug|Any CPU.Build.0 = Debug|Any CPU
		{9A02535C-EA96-4252-8B14-2C524ACA8D38}.Release|Any CPU.ActiveCfg = Release|Any CPU
		{9A02535C-EA96-4252-8B14-2C524ACA8D38}.Release|Any CPU.Build.0 = Release|Any CPU
	EndGlobalSection
	GlobalSection(SolutionProperties) = preSolution
		HideSolutionNode = FALSE
	EndGlobalSection
	GlobalSection(ExtensibilityGlobals) = postSolution
		SolutionGuid = {FD34E446-C5AF-4675-92F6-F15837D2BE40}
	EndGlobalSection
EndGlobal
